// !$*UTF8*$!
{
	archiveVersion = 1;
	classes = {
	};
	objectVersion = 50;
	objects = {

/* Begin PBXBuildFile section */
		1F43E1D6211B30B100D3FDEB /* AppDelegate.swift in Sources */ = {isa = PBXBuildFile; fileRef = 1F43E1D5211B30B100D3FDEB /* AppDelegate.swift */; };
		1F43E1D8211B30B100D3FDEB /* ViewController.swift in Sources */ = {isa = PBXBuildFile; fileRef = 1F43E1D7211B30B100D3FDEB /* ViewController.swift */; };
		1F43E1DB211B30B100D3FDEB /* Main.storyboard in Resources */ = {isa = PBXBuildFile; fileRef = 1F43E1D9211B30B100D3FDEB /* Main.storyboard */; };
		1F43E1DD211B30B200D3FDEB /* Assets.xcassets in Resources */ = {isa = PBXBuildFile; fileRef = 1F43E1DC211B30B200D3FDEB /* Assets.xcassets */; };
		1F43E1E0211B30B200D3FDEB /* LaunchScreen.storyboard in Resources */ = {isa = PBXBuildFile; fileRef = 1F43E1DE211B30B200D3FDEB /* LaunchScreen.storyboard */; };
		1F43E1EB211B30B200D3FDEB /* tabBarMatutinoTests.swift in Sources */ = {isa = PBXBuildFile; fileRef = 1F43E1EA211B30B200D3FDEB /* tabBarMatutinoTests.swift */; };
		1F43E1F6211B30B200D3FDEB /* tabBarMatutinoUITests.swift in Sources */ = {isa = PBXBuildFile; fileRef = 1F43E1F5211B30B200D3FDEB /* tabBarMatutinoUITests.swift */; };
/* End PBXBuildFile section */

/* Begin PBXContainerItemProxy section */
		1F43E1E7211B30B200D3FDEB /* PBXContainerItemProxy */ = {
			isa = PBXContainerItemProxy;
			containerPortal = 1F43E1CA211B30B100D3FDEB /* Project object */;
			proxyType = 1;
			remoteGlobalIDString = 1F43E1D1211B30B100D3FDEB;
			remoteInfo = tabBarMatutino;
		};
		1F43E1F2211B30B200D3FDEB /* PBXContainerItemProxy */ = {
			isa = PBXContainerItemProxy;
			containerPortal = 1F43E1CA211B30B100D3FDEB /* Project object */;
			proxyType = 1;
			remoteGlobalIDString = 1F43E1D1211B30B100D3FDEB;
			remoteInfo = tabBarMatutino;
		};
/* End PBXContainerItemProxy section */

/* Begin PBXFileReference section */
		1F43E1D2211B30B100D3FDEB /* tabBarMatutino.app */ = {isa = PBXFileReference; explicitFileType = wrapper.application; includeInIndex = 0; path = tabBarMatutino.app; sourceTree = BUILT_PRODUCTS_DIR; };
		1F43E1D5211B30B100D3FDEB /* AppDelegate.swift */ = {isa = PBXFileReference; lastKnownFileType = sourcecode.swift; path = AppDelegate.swift; sourceTree = "<group>"; };
		1F43E1D7211B30B100D3FDEB /* ViewController.swift */ = {isa = PBXFileReference; lastKnownFileType = sourcecode.swift; path = ViewController.swift; sourceTree = "<group>"; };
		1F43E1DA211B30B100D3FDEB /* Base */ = {isa = PBXFileReference; lastKnownFileType = file.storyboard; name = Base; path = Base.lproj/Main.storyboard; sourceTree = "<group>"; };
		1F43E1DC211B30B200D3FDEB /* Assets.xcassets */ = {isa = PBXFileReference; lastKnownFileType = folder.assetcatalog; path = Assets.xcassets; sourceTree = "<group>"; };
		1F43E1DF211B30B200D3FDEB /* Base */ = {isa = PBXFileReference; lastKnownFileType = file.storyboard; name = Base; path = Base.lproj/LaunchScreen.storyboard; sourceTree = "<group>"; };
		1F43E1E1211B30B200D3FDEB /* Info.plist */ = {isa = PBXFileReference; lastKnownFileType = text.plist.xml; path = Info.plist; sourceTree = "<group>"; };
		1F43E1E6211B30B200D3FDEB /* tabBarMatutinoTests.xctest */ = {isa = PBXFileReference; explicitFileType = wrapper.cfbundle; includeInIndex = 0; path = tabBarMatutinoTests.xctest; sourceTree = BUILT_PRODUCTS_DIR; };
		1F43E1EA211B30B200D3FDEB /* tabBarMatutinoTests.swift */ = {isa = PBXFileReference; lastKnownFileType = sourcecode.swift; path = tabBarMatutinoTests.swift; sourceTree = "<group>"; };
		1F43E1EC211B30B200D3FDEB /* Info.plist */ = {isa = PBXFileReference; lastKnownFileType = text.plist.xml; path = Info.plist; sourceTree = "<group>"; };
		1F43E1F1211B30B200D3FDEB /* tabBarMatutinoUITests.xctest */ = {isa = PBXFileReference; explicitFileType = wrapper.cfbundle; includeInIndex = 0; path = tabBarMatutinoUITests.xctest; sourceTree = BUILT_PRODUCTS_DIR; };
		1F43E1F5211B30B200D3FDEB /* tabBarMatutinoUITests.swift */ = {isa = PBXFileReference; lastKnownFileType = sourcecode.swift; path = tabBarMatutinoUITests.swift; sourceTree = "<group>"; };
		1F43E1F7211B30B200D3FDEB /* Info.plist */ = {isa = PBXFileReference; lastKnownFileType = text.plist.xml; path = Info.plist; sourceTree = "<group>"; };
/* End PBXFileReference section */

/* Begin PBXFrameworksBuildPhase section */
		1F43E1CF211B30B100D3FDEB /* Frameworks */ = {
			isa = PBXFrameworksBuildPhase;
			buildActionMask = 2147483647;
			files = (
			);
			runOnlyForDeploymentPostprocessing = 0;
		};
		1F43E1E3211B30B200D3FDEB /* Frameworks */ = {
			isa = PBXFrameworksBuildPhase;
			buildActionMask = 2147483647;
			files = (
			);
			runOnlyForDeploymentPostprocessing = 0;
		};
		1F43E1EE211B30B200D3FDEB /* Frameworks */ = {
			isa = PBXFrameworksBuildPhase;
			buildActionMask = 2147483647;
			files = (
			);
			runOnlyForDeploymentPostprocessing = 0;
		};
/* End PBXFrameworksBuildPhase section */

/* Begin PBXGroup section */
		1F43E1C9211B30B100D3FDEB = {
			isa = PBXGroup;
			children = (
				1F43E1D4211B30B100D3FDEB /* tabBarMatutino */,
				1F43E1E9211B30B200D3FDEB /* tabBarMatutinoTests */,
				1F43E1F4211B30B200D3FDEB /* tabBarMatutinoUITests */,
				1F43E1D3211B30B100D3FDEB /* Products */,
			);
			sourceTree = "<group>";
		};
		1F43E1D3211B30B100D3FDEB /* Products */ = {
			isa = PBXGroup;
			children = (
				1F43E1D2211B30B100D3FDEB /* tabBarMatutino.app */,
				1F43E1E6211B30B200D3FDEB /* tabBarMatutinoTests.xctest */,
				1F43E1F1211B30B200D3FDEB /* tabBarMatutinoUITests.xctest */,
			);
			name = Products;
			sourceTree = "<group>";
		};
		1F43E1D4211B30B100D3FDEB /* tabBarMatutino */ = {
			isa = PBXGroup;
			children = (
				1F43E1D5211B30B100D3FDEB /* AppDelegate.swift */,
				1F43E1D7211B30B100D3FDEB /* ViewController.swift */,
				1F43E1D9211B30B100D3FDEB /* Main.storyboard */,
				1F43E1DC211B30B200D3FDEB /* Assets.xcassets */,
				1F43E1DE211B30B200D3FDEB /* LaunchScreen.storyboard */,
				1F43E1E1211B30B200D3FDEB /* Info.plist */,
			);
			path = tabBarMatutino;
			sourceTree = "<group>";
		};
		1F43E1E9211B30B200D3FDEB /* tabBarMatutinoTests */ = {
			isa = PBXGroup;
			children = (
				1F43E1EA211B30B200D3FDEB /* tabBarMatutinoTests.swift */,
				1F43E1EC211B30B200D3FDEB /* Info.plist */,
			);
			path = tabBarMatutinoTests;
			sourceTree = "<group>";
		};
		1F43E1F4211B30B200D3FDEB /* tabBarMatutinoUITests */ = {
			isa = PBXGroup;
			children = (
				1F43E1F5211B30B200D3FDEB /* tabBarMatutinoUITests.swift */,
				1F43E1F7211B30B200D3FDEB /* Info.plist */,
			);
			path = tabBarMatutinoUITests;
			sourceTree = "<group>";
		};
/* End PBXGroup section */

/* Begin PBXNativeTarget section */
		1F43E1D1211B30B100D3FDEB /* tabBarMatutino */ = {
			isa = PBXNativeTarget;
			buildConfigurationList = 1F43E1FA211B30B200D3FDEB /* Build configuration list for PBXNativeTarget "tabBarMatutino" */;
			buildPhases = (
				1F43E1CE211B30B100D3FDEB /* Sources */,
				1F43E1CF211B30B100D3FDEB /* Frameworks */,
				1F43E1D0211B30B100D3FDEB /* Resources */,
			);
			buildRules = (
			);
			dependencies = (
			);
			name = tabBarMatutino;
			productName = tabBarMatutino;
			productReference = 1F43E1D2211B30B100D3FDEB /* tabBarMatutino.app */;
			productType = "com.apple.product-type.application";
		};
		1F43E1E5211B30B200D3FDEB /* tabBarMatutinoTests */ = {
			isa = PBXNativeTarget;
			buildConfigurationList = 1F43E1FD211B30B200D3FDEB /* Build configuration list for PBXNativeTarget "tabBarMatutinoTests" */;
			buildPhases = (
				1F43E1E2211B30B200D3FDEB /* Sources */,
				1F43E1E3211B30B200D3FDEB /* Frameworks */,
				1F43E1E4211B30B200D3FDEB /* Resources */,
			);
			buildRules = (
			);
			dependencies = (
				1F43E1E8211B30B200D3FDEB /* PBXTargetDependency */,
			);
			name = tabBarMatutinoTests;
			productName = tabBarMatutinoTests;
			productReference = 1F43E1E6211B30B200D3FDEB /* tabBarMatutinoTests.xctest */;
			productType = "com.apple.product-type.bundle.unit-test";
		};
		1F43E1F0211B30B200D3FDEB /* tabBarMatutinoUITests */ = {
			isa = PBXNativeTarget;
			buildConfigurationList = 1F43E200211B30B200D3FDEB /* Build configuration list for PBXNativeTarget "tabBarMatutinoUITests" */;
			buildPhases = (
				1F43E1ED211B30B200D3FDEB /* Sources */,
				1F43E1EE211B30B200D3FDEB /* Frameworks */,
				1F43E1EF211B30B200D3FDEB /* Resources */,
			);
			buildRules = (
			);
			dependencies = (
				1F43E1F3211B30B200D3FDEB /* PBXTargetDependency */,
			);
			name = tabBarMatutinoUITests;
			productName = tabBarMatutinoUITests;
			productReference = 1F43E1F1211B30B200D3FDEB /* tabBarMatutinoUITests.xctest */;
			productType = "com.apple.product-type.bundle.ui-testing";
		};
/* End PBXNativeTarget section */

/* Begin PBXProject section */
		1F43E1CA211B30B100D3FDEB /* Project object */ = {
			isa = PBXProject;
			attributes = {
				LastSwiftUpdateCheck = 0940;
				LastUpgradeCheck = 0940;
				ORGANIZATIONNAME = Academy;
				TargetAttributes = {
					1F43E1D1211B30B100D3FDEB = {
						CreatedOnToolsVersion = 9.4.1;
					};
					1F43E1E5211B30B200D3FDEB = {
						CreatedOnToolsVersion = 9.4.1;
						TestTargetID = 1F43E1D1211B30B100D3FDEB;
					};
					1F43E1F0211B30B200D3FDEB = {
						CreatedOnToolsVersion = 9.4.1;
						TestTargetID = 1F43E1D1211B30B100D3FDEB;
					};
				};
			};
			buildConfigurationList = 1F43E1CD211B30B100D3FDEB /* Build configuration list for PBXProject "tabBarMatutino" */;
			compatibilityVersion = "Xcode 9.3";
			developmentRegion = en;
			hasScannedForEncodings = 0;
			knownRegions = (
				en,
				Base,
			);
			mainGroup = 1F43E1C9211B30B100D3FDEB;
			productRefGroup = 1F43E1D3211B30B100D3FDEB /* Products */;
			projectDirPath = "";
			projectRoot = "";
			targets = (
				1F43E1D1211B30B100D3FDEB /* tabBarMatutino */,
				1F43E1E5211B30B200D3FDEB /* tabBarMatutinoTests */,
				1F43E1F0211B30B200D3FDEB /* tabBarMatutinoUITests */,
			);
		};
/* End PBXProject section */

/* Begin PBXResourcesBuildPhase section */
		1F43E1D0211B30B100D3FDEB /* Resources */ = {
			isa = PBXResourcesBuildPhase;
			buildActionMask = 2147483647;
			files = (
				1F43E1E0211B30B200D3FDEB /* LaunchScreen.storyboard in Resources */,
				1F43E1DD211B30B200D3FDEB /* Assets.xcassets in Resources */,
				1F43E1DB211B30B100D3FDEB /* Main.storyboard in Resources */,
			);
			runOnlyForDeploymentPostprocessing = 0;
		};
		1F43E1E4211B30B200D3FDEB /* Resources */ = {
			isa = PBXResourcesBuildPhase;
			buildActionMask = 2147483647;
			files = (
			);
			runOnlyForDeploymentPostprocessing = 0;
		};
		1F43E1EF211B30B200D3FDEB /* Resources */ = {
			isa = PBXResourcesBuildPhase;
			buildActionMask = 2147483647;
			files = (
			);
			runOnlyForDeploymentPostprocessing = 0;
		};
/* End PBXResourcesBuildPhase section */

/* Begin PBXSourcesBuildPhase section */
		1F43E1CE211B30B100D3FDEB /* Sources */ = {
			isa = PBXSourcesBuildPhase;
			buildActionMask = 2147483647;
			files = (
				1F43E1D8211B30B100D3FDEB /* ViewController.swift in Sources */,
				1F43E1D6211B30B100D3FDEB /* AppDelegate.swift in Sources */,
			);
			runOnlyForDeploymentPostprocessing = 0;
		};
		1F43E1E2211B30B200D3FDEB /* Sources */ = {
			isa = PBXSourcesBuildPhase;
			buildActionMask = 2147483647;
			files = (
				1F43E1EB211B30B200D3FDEB /* tabBarMatutinoTests.swift in Sources */,
			);
			runOnlyForDeploymentPostprocessing = 0;
		};
		1F43E1ED211B30B200D3FDEB /* Sources */ = {
			isa = PBXSourcesBuildPhase;
			buildActionMask = 2147483647;
			files = (
				1F43E1F6211B30B200D3FDEB /* tabBarMatutinoUITests.swift in Sources */,
			);
			runOnlyForDeploymentPostprocessing = 0;
		};
/* End PBXSourcesBuildPhase section */

/* Begin PBXTargetDependency section */
		1F43E1E8211B30B200D3FDEB /* PBXTargetDependency */ = {
			isa = PBXTargetDependency;
			target = 1F43E1D1211B30B100D3FDEB /* tabBarMatutino */;
			targetProxy = 1F43E1E7211B30B200D3FDEB /* PBXContainerItemProxy */;
		};
		1F43E1F3211B30B200D3FDEB /* PBXTargetDependency */ = {
			isa = PBXTargetDependency;
			target = 1F43E1D1211B30B100D3FDEB /* tabBarMatutino */;
			targetProxy = 1F43E1F2211B30B200D3FDEB /* PBXContainerItemProxy */;
		};
/* End PBXTargetDependency section */

/* Begin PBXVariantGroup section */
		1F43E1D9211B30B100D3FDEB /* Main.storyboard */ = {
			isa = PBXVariantGroup;
			children = (
				1F43E1DA211B30B100D3FDEB /* Base */,
			);
			name = Main.storyboard;
			sourceTree = "<group>";
		};
		1F43E1DE211B30B200D3FDEB /* LaunchScreen.storyboard */ = {
			isa = PBXVariantGroup;
			children = (
				1F43E1DF211B30B200D3FDEB /* Base */,
			);
			name = LaunchScreen.storyboard;
			sourceTree = "<group>";
		};
/* End PBXVariantGroup section */

/* Begin XCBuildConfiguration section */
		1F43E1F8211B30B200D3FDEB /* Debug */ = {
			isa = XCBuildConfiguration;
			buildSettings = {
				ALWAYS_SEARCH_USER_PATHS = NO;
				CLANG_ANALYZER_NONNULL = YES;
				CLANG_ANALYZER_NUMBER_OBJECT_CONVERSION = YES_AGGRESSIVE;
				CLANG_CXX_LANGUAGE_STANDARD = "gnu++14";
				CLANG_CXX_LIBRARY = "libc++";
				CLANG_ENABLE_MODULES = YES;
				CLANG_ENABLE_OBJC_ARC = YES;
				CLANG_ENABLE_OBJC_WEAK = YES;
				CLANG_WARN_BLOCK_CAPTURE_AUTORELEASING = YES;
				CLANG_WARN_BOOL_CONVERSION = YES;
				CLANG_WARN_COMMA = YES;
				CLANG_WARN_CONSTANT_CONVERSION = YES;
				CLANG_WARN_DEPRECATED_OBJC_IMPLEMENTATIONS = YES;
				CLANG_WARN_DIRECT_OBJC_ISA_USAGE = YES_ERROR;
				CLANG_WARN_DOCUMENTATION_COMMENTS = YES;
				CLANG_WARN_EMPTY_BODY = YES;
				CLANG_WARN_ENUM_CONVERSION = YES;
				CLANG_WARN_INFINITE_RECURSION = YES;
				CLANG_WARN_INT_CONVERSION = YES;
				CLANG_WARN_NON_LITERAL_NULL_CONVERSION = YES;
				CLANG_WARN_OBJC_IMPLICIT_RETAIN_SELF = YES;
				CLANG_WARN_OBJC_LITERAL_CONVERSION = YES;
				CLANG_WARN_OBJC_ROOT_CLASS = YES_ERROR;
				CLANG_WARN_RANGE_LOOP_ANALYSIS = YES;
				CLANG_WARN_STRICT_PROTOTYPES = YES;
				CLANG_WARN_SUSPICIOUS_MOVE = YES;
				CLANG_WARN_UNGUARDED_AVAILABILITY = YES_AGGRESSIVE;
				CLANG_WARN_UNREACHABLE_CODE = YES;
				CLANG_WARN__DUPLICATE_METHOD_MATCH = YES;
				CODE_SIGN_IDENTITY = "iPhone Developer";
				COPY_PHASE_STRIP = NO;
				DEBUG_INFORMATION_FORMAT = dwarf;
				ENABLE_STRICT_OBJC_MSGSEND = YES;
				ENABLE_TESTABILITY = YES;
				GCC_C_LANGUAGE_STANDARD = gnu11;
				GCC_DYNAMIC_NO_PIC = NO;
				GCC_NO_COMMON_BLOCKS = YES;
				GCC_OPTIMIZATION_LEVEL = 0;
				GCC_PREPROCESSOR_DEFINITIONS = (
					"DEBUG=1",
					"$(inherited)",
				);
				GCC_WARN_64_TO_32_BIT_CONVERSION = YES;
				GCC_WARN_ABOUT_RETURN_TYPE = YES_ERROR;
				GCC_WARN_UNDECLARED_SELECTOR = YES;
				GCC_WARN_UNINITIALIZED_AUTOS = YES_AGGRESSIVE;
				GCC_WARN_UNUSED_FUNCTION = YES;
				GCC_WARN_UNUSED_VARIABLE = YES;
				IPHONEOS_DEPLOYMENT_TARGET = 11.4;
				MTL_ENABLE_DEBUG_INFO = YES;
				ONLY_ACTIVE_ARCH = YES;
				SDKROOT = iphoneos;
				SWIFT_ACTIVE_COMPILATION_CONDITIONS = DEBUG;
				SWIFT_OPTIMIZATION_LEVEL = "-Onone";
			};
			name = Debug;
		};
		1F43E1F9211B30B200D3FDEB /* Release */ = {
			isa = XCBuildConfiguration;
			buildSettings = {
				ALWAYS_SEARCH_USER_PATHS = NO;
				CLANG_ANALYZER_NONNULL = YES;
				CLANG_ANALYZER_NUMBER_OBJECT_CONVERSION = YES_AGGRESSIVE;
				CLANG_CXX_LANGUAGE_STANDARD = "gnu++14";
				CLANG_CXX_LIBRARY = "libc++";
				CLANG_ENABLE_MODULES = YES;
				CLANG_ENABLE_OBJC_ARC = YES;
				CLANG_ENABLE_OBJC_WEAK = YES;
				CLANG_WARN_BLOCK_CAPTURE_AUTORELEASING = YES;
				CLANG_WARN_BOOL_CONVERSION = YES;
				CLANG_WARN_COMMA = YES;
				CLANG_WARN_CONSTANT_CONVERSION = YES;
				CLANG_WARN_DEPRECATED_OBJC_IMPLEMENTATIONS = YES;
				CLANG_WARN_DIRECT_OBJC_ISA_USAGE = YES_ERROR;
				CLANG_WARN_DOCUMENTATION_COMMENTS = YES;
				CLANG_WARN_EMPTY_BODY = YES;
				CLANG_WARN_ENUM_CONVERSION = YES;
				CLANG_WARN_INFINITE_RECURSION = YES;
				CLANG_WARN_INT_CONVERSION = YES;
				CLANG_WARN_NON_LITERAL_NULL_CONVERSION = YES;
				CLANG_WARN_OBJC_IMPLICIT_RETAIN_SELF = YES;
				CLANG_WARN_OBJC_LITERAL_CONVERSION = YES;
				CLANG_WARN_OBJC_ROOT_CLASS = YES_ERROR;
				CLANG_WARN_RANGE_LOOP_ANALYSIS = YES;
				CLANG_WARN_STRICT_PROTOTYPES = YES;
				CLANG_WARN_SUSPICIOUS_MOVE = YES;
				CLANG_WARN_UNGUARDED_AVAILABILITY = YES_AGGRESSIVE;
				CLANG_WARN_UNREACHABLE_CODE = YES;
				CLANG_WARN__DUPLICATE_METHOD_MATCH = YES;
				CODE_SIGN_IDENTITY = "iPhone Developer";
				COPY_PHASE_STRIP = NO;
				DEBUG_INFORMATION_FORMAT = "dwarf-with-dsym";
				ENABLE_NS_ASSERTIONS = NO;
				ENABLE_STRICT_OBJC_MSGSEND = YES;
				GCC_C_LANGUAGE_STANDARD = gnu11;
				GCC_NO_COMMON_BLOCKS = YES;
				GCC_WARN_64_TO_32_BIT_CONVERSION = YES;
				GCC_WARN_ABOUT_RETURN_TYPE = YES_ERROR;
				GCC_WARN_UNDECLARED_SELECTOR = YES;
				GCC_WARN_UNINITIALIZED_AUTOS = YES_AGGRESSIVE;
				GCC_WARN_UNUSED_FUNCTION = YES;
				GCC_WARN_UNUSED_VARIABLE = YES;
				IPHONEOS_DEPLOYMENT_TARGET = 11.4;
				MTL_ENABLE_DEBUG_INFO = NO;
				SDKROOT = iphoneos;
				SWIFT_COMPILATION_MODE = wholemodule;
				SWIFT_OPTIMIZATION_LEVEL = "-O";
				VALIDATE_PRODUCT = YES;
			};
			name = Release;
		};
		1F43E1FB211B30B200D3FDEB /* Debug */ = {
			isa = XCBuildConfiguration;
			buildSettings = {
				ASSETCATALOG_COMPILER_APPICON_NAME = AppIcon;
				CODE_SIGN_STYLE = Automatic;
				DEVELOPMENT_TEAM = T9WDNLZLLU;
				INFOPLIST_FILE = tabBarMatutino/Info.plist;
				LD_RUNPATH_SEARCH_PATHS = (
					"$(inherited)",
					"@executable_path/Frameworks",
				);
				PRODUCT_BUNDLE_IDENTIFIER = com.academy.tabBarMatutino;
				PRODUCT_NAME = "$(TARGET_NAME)";
				SWIFT_VERSION = 4.0;
				TARGETED_DEVICE_FAMILY = "1,2";
			};
			name = Debug;
		};
		1F43E1FC211B30B200D3FDEB /* Release */ = {
			isa = XCBuildConfiguration;
			buildSettings = {
				ASSETCATALOG_COMPILER_APPICON_NAME = AppIcon;
				CODE_SIGN_STYLE = Automatic;
				DEVELOPMENT_TEAM = T9WDNLZLLU;
				INFOPLIST_FILE = tabBarMatutino/Info.plist;
				LD_RUNPATH_SEARCH_PATHS = (
					"$(inherited)",
					"@executable_path/Frameworks",
				);
				PRODUCT_BUNDLE_IDENTIFIER = com.academy.tabBarMatutino;
				PRODUCT_NAME = "$(TARGET_NAME)";
				SWIFT_VERSION = 4.0;
				TARGETED_DEVICE_FAMILY = "1,2";
			};
			name = Release;
		};
		1F43E1FE211B30B200D3FDEB /* Debug */ = {
			isa = XCBuildConfiguration;
			buildSettings = {
				ALWAYS_EMBED_SWIFT_STANDARD_LIBRARIES = YES;
				BUNDLE_LOADER = "$(TEST_HOST)";
				CODE_SIGN_STYLE = Automatic;
				DEVELOPMENT_TEAM = T9WDNLZLLU;
				INFOPLIST_FILE = tabBarMatutinoTests/Info.plist;
				LD_RUNPATH_SEARCH_PATHS = (
					"$(inherited)",
					"@executable_path/Frameworks",
					"@loader_path/Frameworks",
				);
				PRODUCT_BUNDLE_IDENTIFIER = com.academy.tabBarMatutinoTests;
				PRODUCT_NAME = "$(TARGET_NAME)";
				SWIFT_VERSION = 4.0;
				TARGETED_DEVICE_FAMILY = "1,2";
				TEST_HOST = "$(BUILT_PRODUCTS_DIR)/tabBarMatutino.app/tabBarMatutino";
			};
			name = Debug;
		};
		1F43E1FF211B30B200D3FDEB /* Release */ = {
			isa = XCBuildConfiguration;
			buildSettings = {
				ALWAYS_EMBED_SWIFT_STANDARD_LIBRARIES = YES;
				BUNDLE_LOADER = "$(TEST_HOST)";
				CODE_SIGN_STYLE = Automatic;
				DEVELOPMENT_TEAM = T9WDNLZLLU;
				INFOPLIST_FILE = tabBarMatutinoTests/Info.plist;
				LD_RUNPATH_SEARCH_PATHS = (
					"$(inherited)",
					"@executable_path/Frameworks",
					"@loader_path/Frameworks",
				);
				PRODUCT_BUNDLE_IDENTIFIER = com.academy.tabBarMatutinoTests;
				PRODUCT_NAME = "$(TARGET_NAME)";
				SWIFT_VERSION = 4.0;
				TARGETED_DEVICE_FAMILY = "1,2";
				TEST_HOST = "$(BUILT_PRODUCTS_DIR)/tabBarMatutino.app/tabBarMatutino";
			};
			name = Release;
		};
		1F43E201211B30B200D3FDEB /* Debug */ = {
			isa = XCBuildConfiguration;
			buildSettings = {
				ALWAYS_EMBED_SWIFT_STANDARD_LIBRARIES = YES;
				CODE_SIGN_STYLE = Automatic;
				DEVELOPMENT_TEAM = T9WDNLZLLU;
				INFOPLIST_FILE = tabBarMatutinoUITests/Info.plist;
				LD_RUNPATH_SEARCH_PATHS = (
					"$(inherited)",
					"@executable_path/Frameworks",
					"@loader_path/Frameworks",
				);
				PRODUCT_BUNDLE_IDENTIFIER = com.academy.tabBarMatutinoUITests;
				PRODUCT_NAME = "$(TARGET_NAME)";
				SWIFT_VERSION = 4.0;
				TARGETED_DEVICE_FAMILY = "1,2";
				TEST_TARGET_NAME = tabBarMatutino;
			};
			name = Debug;
		};
		1F43E202211B30B200D3FDEB /* Release */ = {
			isa = XCBuildConfiguration;
			buildSettings = {
				ALWAYS_EMBED_SWIFT_STANDARD_LIBRARIES = YES;
				CODE_SIGN_STYLE = Automatic;
				DEVELOPMENT_TEAM = T9WDNLZLLU;
				INFOPLIST_FILE = tabBarMatutinoUITests/Info.plist;
				LD_RUNPATH_SEARCH_PATHS = (
					"$(inherited)",
					"@executable_path/Frameworks",
					"@loader_path/Frameworks",
				);
				PRODUCT_BUNDLE_IDENTIFIER = com.academy.tabBarMatutinoUITests;
				PRODUCT_NAME = "$(TARGET_NAME)";
				SWIFT_VERSION = 4.0;
				TARGETED_DEVICE_FAMILY = "1,2";
				TEST_TARGET_NAME = tabBarMatutino;
			};
			name = Release;
		};
/* End XCBuildConfiguration section */

/* Begin XCConfigurationList section */
		1F43E1CD211B30B100D3FDEB /* Build configuration list for PBXProject "tabBarMatutino" */ = {
			isa = XCConfigurationList;
			buildConfigurations = (
				1F43E1F8211B30B200D3FDEB /* Debug */,
				1F43E1F9211B30B200D3FDEB /* Release */,
			);
			defaultConfigurationIsVisible = 0;
			defaultConfigurationName = Release;
		};
		1F43E1FA211B30B200D3FDEB /* Build configuration list for PBXNativeTarget "tabBarMatutino" */ = {
			isa = XCConfigurationList;
			buildConfigurations = (
				1F43E1FB211B30B200D3FDEB /* Debug */,
				1F43E1FC211B30B200D3FDEB /* Release */,
			);
			defaultConfigurationIsVisible = 0;
			defaultConfigurationName = Release;
		};
		1F43E1FD211B30B200D3FDEB /* Build configuration list for PBXNativeTarget "tabBarMatutinoTests" */ = {
			isa = XCConfigurationList;
			buildConfigurations = (
				1F43E1FE211B30B200D3FDEB /* Debug */,
				1F43E1FF211B30B200D3FDEB /* Release */,
			);
			defaultConfigurationIsVisible = 0;
			defaultConfigurationName = Release;
		};
		1F43E200211B30B200D3FDEB /* Build configuration list for PBXNativeTarget "tabBarMatutinoUITests" */ = {
			isa = XCConfigurationList;
			buildConfigurations = (
				1F43E201211B30B200D3FDEB /* Debug */,
				1F43E202211B30B200D3FDEB /* Release */,
			);
			defaultConfigurationIsVisible = 0;
			defaultConfigurationName = Release;
		};
/* End XCConfigurationList section */
	};
	rootObject = 1F43E1CA211B30B100D3FDEB /* Project object */;
}
